lockfileVersion: '9.0'

settings:
  autoInstallPeers: true
  excludeLinksFromLockfile: false

importers:

  .:
    dependencies:
      excalibur:
        specifier: 0.32.0
        version: 0.32.0
    devDependencies:
      typescript:
        specifier: 5.9.3
        version: 5.9.3

packages:

  excalibur@0.32.0:
    resolution: {integrity: sha512-anCvsZK2Dh3BTlw/ERHr3fvfqF2vdJHw88soCs3r6EIwxbhibNRILMZw3Ae6GMTY8FkzRfkGLyk7DlEZVesUaw==}

  typescript@5.9.3:
    resolution: {integrity: sha512-jl1vZzPDinLr9eUt3J/t7V6FgNEw9QjvBPdysz9KfQDD41fQrC2Y4vKQdiaUpFT4bXlb1RHhLpp8wtm6M5TgSw==}
    engines: {node: '>=14.17'}
    hasBin: true

snapshots:

  excalibur@0.32.0: {}

  typescript@5.9.3: {}
